
Microsoft Visual Studio Solution File, Format Version 12.00
# Visual Studio 15
VisualStudioVersion = 15.0.27703.2042
MinimumVisualStudioVersion = 10.0.40219.1
Project("{FAE04EC0-301F-11D3-BF4B-00C04F79EFBC}") = "TetrisNet", "TetrisNet\TetrisNet.csproj", "{FF1C06F4-55FE-460B-87E9-9AFBAA11A306}"
EndProject
Global
	GlobalSection(SolutionConfigurationPlatforms) = preSolution
		Debug|Any CPU = Debug|Any CPU
		Release|Any CPU = Release|Any CPU
	EndGlobalSection
	GlobalSection(ProjectConfigurationPlatforms) = postSolution
		{FF1C06F4-55FE-460B-87E9-9AFBAA11A306}.Debug|Any CPU.ActiveCfg = Debug|Any CPU
		{FF1C06F4-55FE-460B-87E9-9AFBAA11A306}.Debug|Any CPU.Build.0 = Debug|Any CPU
		{FF1C06F4-55FE-460B-87E9-9AFBAA11A306}.Release|Any CPU.ActiveCfg = Release|Any CPU
		{FF1C06F4-55FE-460B-87E9-9AFBAA11A306}.Release|Any CPU.Build.0 = Release|Any CPU
	EndGlobalSection
	GlobalSection(SolutionProperties) = preSolution
		HideSolutionNode = FALSE
	EndGlobalSection
	GlobalSection(ExtensibilityGlobals) = postSolution
		SolutionGuid = {3AF63AE8-39EC-4D27-89B8-3D565345860A}
	EndGlobalSection
EndGlobal
